
Microsoft Visual Studio Solution File, Format Version 12.00
# Visual Studio Version 17
VisualStudioVersion = 17.13.35806.99
MinimumVisualStudioVersion = 10.0.40219.1
Project("{FAE04EC0-301F-11D3-BF4B-00C04F79EFBC}") = "HealthCare_API", "HealthCare_API\HealthCare_API.csproj", "{7B0CA8C4-2D8F-494D-A17A-3638CC065A32}"
EndProject
Project("{FAE04EC0-301F-11D3-BF4B-00C04F79EFBC}") = "HealthCareRepositorys", "Repository\HealthCareRepositorys.csproj", "{0313C41E-3B67-4C52-87D7-536EFE64487B}"
EndProject
Project("{FAE04EC0-301F-11D3-BF4B-00C04F79EFBC}") = "HealthCare_Data", "Data\HealthCare_Data.csproj", "{546B8A33-F08E-47B6-BAB8-ACC9AD557C0C}"
EndProject
Project("{FAE04EC0-301F-11D3-BF4B-00C04F79EFBC}") = "HealthCare_Models", "Models\HealthCare_Models.csproj", "{DC4E1C54-58E3-49D1-9020-AA95410FFD58}"
EndProject
Project("{FAE04EC0-301F-11D3-BF4B-00C04F79EFBC}") = "HealthCare_Utility", "HealthCare.Utility\HealthCare_Utility.csproj", "{E14F085D-ECE3-4C44-9FDC-6A06962704E2}"
EndProject
Global
	GlobalSection(SolutionConfigurationPlatforms) = preSolution
		Debug|Any CPU = Debug|Any CPU
		Release|Any CPU = Release|Any CPU
	EndGlobalSection
	GlobalSection(ProjectConfigurationPlatforms) = postSolution
		{7B0CA8C4-2D8F-494D-A17A-3638CC065A32}.Debug|Any CPU.ActiveCfg = Debug|Any CPU
		{7B0CA8C4-2D8F-494D-A17A-3638CC065A32}.Debug|Any CPU.Build.0 = Debug|Any CPU
		{7B0CA8C4-2D8F-494D-A17A-3638CC065A32}.Release|Any CPU.ActiveCfg = Release|Any CPU
		{7B0CA8C4-2D8F-494D-A17A-3638CC065A32}.Release|Any CPU.Build.0 = Release|Any CPU
		{0313C41E-3B67-4C52-87D7-536EFE64487B}.Debug|Any CPU.ActiveCfg = Debug|Any CPU
		{0313C41E-3B67-4C52-87D7-536EFE64487B}.Debug|Any CPU.Build.0 = Debug|Any CPU
		{0313C41E-3B67-4C52-87D7-536EFE64487B}.Release|Any CPU.ActiveCfg = Release|Any CPU
		{0313C41E-3B67-4C52-87D7-536EFE64487B}.Release|Any CPU.Build.0 = Release|Any CPU
		{546B8A33-F08E-47B6-BAB8-ACC9AD557C0C}.Debug|Any CPU.ActiveCfg = Debug|Any CPU
		{546B8A33-F08E-47B6-BAB8-ACC9AD557C0C}.Debug|Any CPU.Build.0 = Debug|Any CPU
		{546B8A33-F08E-47B6-BAB8-ACC9AD557C0C}.Release|Any CPU.ActiveCfg = Release|Any CPU
		{546B8A33-F08E-47B6-BAB8-ACC9AD557C0C}.Release|Any CPU.Build.0 = Release|Any CPU
		{DC4E1C54-58E3-49D1-9020-AA95410FFD58}.Debug|Any CPU.ActiveCfg = Debug|Any CPU
		{DC4E1C54-58E3-49D1-9020-AA95410FFD58}.Debug|Any CPU.Build.0 = Debug|Any CPU
		{DC4E1C54-58E3-49D1-9020-AA95410FFD58}.Release|Any CPU.ActiveCfg = Release|Any CPU
		{DC4E1C54-58E3-49D1-9020-AA95410FFD58}.Release|Any CPU.Build.0 = Release|Any CPU
		{E14F085D-ECE3-4C44-9FDC-6A06962704E2}.Debug|Any CPU.ActiveCfg = Debug|Any CPU
		{E14F085D-ECE3-4C44-9FDC-6A06962704E2}.Debug|Any CPU.Build.0 = Debug|Any CPU
		{E14F085D-ECE3-4C44-9FDC-6A06962704E2}.Release|Any CPU.ActiveCfg = Release|Any CPU
		{E14F085D-ECE3-4C44-9FDC-6A06962704E2}.Release|Any CPU.Build.0 = Release|Any CPU
	EndGlobalSection
	GlobalSection(SolutionProperties) = preSolution
		HideSolutionNode = FALSE
	EndGlobalSection
	GlobalSection(ExtensibilityGlobals) = postSolution
		SolutionGuid = {D22943D1-8C81-4E79-958C-A4FBFD2EB640}
	EndGlobalSection
EndGlobal
